// !$*UTF8*$!
{
	archiveVersion = 1;
	classes = {
	};
	objectVersion = 50;
	objects = {

/* Begin PBXBuildFile section */
		5136B65C2577A87D00E392EA /* Custom_Modifier_ExamplesApp.swift in Sources */ = {isa = PBXBuildFile; fileRef = 5136B65B2577A87D00E392EA /* Custom_Modifier_ExamplesApp.swift */; };
		5136B65E2577A87D00E392EA /* ContentView.swift in Sources */ = {isa = PBXBuildFile; fileRef = 5136B65D2577A87D00E392EA /* ContentView.swift */; };
		5136B6602577A87F00E392EA /* Assets.xcassets in Resources */ = {isa = PBXBuildFile; fileRef = 5136B65F2577A87F00E392EA /* Assets.xcassets */; };
		5136B6632577A87F00E392EA /* Preview Assets.xcassets in Resources */ = {isa = PBXBuildFile; fileRef = 5136B6622577A87F00E392EA /* Preview Assets.xcassets */; };
		5136B66C2577A8B000E392EA /* RoundedRectangleBorder.swift in Sources */ = {isa = PBXBuildFile; fileRef = 5136B66B2577A8B000E392EA /* RoundedRectangleBorder.swift */; };
		5136B66F2577A90800E392EA /* RoundedRectangleBorderView.swift in Sources */ = {isa = PBXBuildFile; fileRef = 5136B66E2577A90800E392EA /* RoundedRectangleBorderView.swift */; };
		5136B6722577AC0B00E392EA /* TricolorBackground.swift in Sources */ = {isa = PBXBuildFile; fileRef = 5136B6712577AC0B00E392EA /* TricolorBackground.swift */; };
		5136B6752577AC3700E392EA /* TricolorBackgroundView.swift in Sources */ = {isa = PBXBuildFile; fileRef = 5136B6742577AC3700E392EA /* TricolorBackgroundView.swift */; };
/* End PBXBuildFile section */

/* Begin PBXFileReference section */
		5136B6582577A87D00E392EA /* Custom Modifier Examples.app */ = {isa = PBXFileReference; explicitFileType = wrapper.application; includeInIndex = 0; path = "Custom Modifier Examples.app"; sourceTree = BUILT_PRODUCTS_DIR; };
		5136B65B2577A87D00E392EA /* Custom_Modifier_ExamplesApp.swift */ = {isa = PBXFileReference; lastKnownFileType = sourcecode.swift; path = Custom_Modifier_ExamplesApp.swift; sourceTree = "<group>"; };
		5136B65D2577A87D00E392EA /* ContentView.swift */ = {isa = PBXFileReference; lastKnownFileType = sourcecode.swift; path = ContentView.swift; sourceTree = "<group>"; };
		5136B65F2577A87F00E392EA /* Assets.xcassets */ = {isa = PBXFileReference; lastKnownFileType = folder.assetcatalog; path = Assets.xcassets; sourceTree = "<group>"; };
		5136B6622577A87F00E392EA /* Preview Assets.xcassets */ = {isa = PBXFileReference; lastKnownFileType = folder.assetcatalog; path = "Preview Assets.xcassets"; sourceTree = "<group>"; };
		5136B6642577A87F00E392EA /* Info.plist */ = {isa = PBXFileReference; lastKnownFileType = text.plist.xml; path = Info.plist; sourceTree = "<group>"; };
		5136B66B2577A8B000E392EA /* RoundedRectangleBorder.swift */ = {isa = PBXFileReference; lastKnownFileType = sourcecode.swift; path = RoundedRectangleBorder.swift; sourceTree = "<group>"; };
		5136B66E2577A90800E392EA /* RoundedRectangleBorderView.swift */ = {isa = PBXFileReference; lastKnownFileType = sourcecode.swift; path = RoundedRectangleBorderView.swift; sourceTree = "<group>"; };
		5136B6712577AC0B00E392EA /* TricolorBackground.swift */ = {isa = PBXFileReference; lastKnownFileType = sourcecode.swift; path = TricolorBackground.swift; sourceTree = "<group>"; };
		5136B6742577AC3700E392EA /* TricolorBackgroundView.swift */ = {isa = PBXFileReference; lastKnownFileType = sourcecode.swift; path = TricolorBackgroundView.swift; sourceTree = "<group>"; };
/* End PBXFileReference section */

/* Begin PBXFrameworksBuildPhase section */
		5136B6552577A87D00E392EA /* Frameworks */ = {
			isa = PBXFrameworksBuildPhase;
			buildActionMask = 2147483647;
			files = (
			);
			runOnlyForDeploymentPostprocessing = 0;
		};
/* End PBXFrameworksBuildPhase section */

/* Begin PBXGroup section */
		5136B64F2577A87D00E392EA = {
			isa = PBXGroup;
			children = (
				5136B65A2577A87D00E392EA /* Custom Modifier Examples */,
				5136B6592577A87D00E392EA /* Products */,
			);
			sourceTree = "<group>";
		};
		5136B6592577A87D00E392EA /* Products */ = {
			isa = PBXGroup;
			children = (
				5136B6582577A87D00E392EA /* Custom Modifier Examples.app */,
			);
			name = Products;
			sourceTree = "<group>";
		};
		5136B65A2577A87D00E392EA /* Custom Modifier Examples */ = {
			isa = PBXGroup;
			children = (
				5136B65B2577A87D00E392EA /* Custom_Modifier_ExamplesApp.swift */,
				5136B65D2577A87D00E392EA /* ContentView.swift */,
				5136B66E2577A90800E392EA /* RoundedRectangleBorderView.swift */,
				5136B6742577AC3700E392EA /* TricolorBackgroundView.swift */,
				5136B66B2577A8B000E392EA /* RoundedRectangleBorder.swift */,
				5136B6712577AC0B00E392EA /* TricolorBackground.swift */,
				5136B65F2577A87F00E392EA /* Assets.xcassets */,
				5136B6642577A87F00E392EA /* Info.plist */,
				5136B6612577A87F00E392EA /* Preview Content */,
			);
			path = "Custom Modifier Examples";
			sourceTree = "<group>";
		};
		5136B6612577A87F00E392EA /* Preview Content */ = {
			isa = PBXGroup;
			children = (
				5136B6622577A87F00E392EA /* Preview Assets.xcassets */,
			);
			path = "Preview Content";
			sourceTree = "<group>";
		};
/* End PBXGroup section */

/* Begin PBXNativeTarget section */
		5136B6572577A87D00E392EA /* Custom Modifier Examples */ = {
			isa = PBXNativeTarget;
			buildConfigurationList = 5136B6672577A87F00E392EA /* Build configuration list for PBXNativeTarget "Custom Modifier Examples" */;
			buildPhases = (
				5136B6542577A87D00E392EA /* Sources */,
				5136B6552577A87D00E392EA /* Frameworks */,
				5136B6562577A87D00E392EA /* Resources */,
			);
			buildRules = (
			);
			dependencies = (
			);
			name = "Custom Modifier Examples";
			productName = "Custom Modifier Examples";
			productReference = 5136B6582577A87D00E392EA /* Custom Modifier Examples.app */;
			productType = "com.apple.product-type.application";
		};
/* End PBXNativeTarget section */

/* Begin PBXProject section */
		5136B6502577A87D00E392EA /* Project object */ = {
			isa = PBXProject;
			attributes = {
				LastSwiftUpdateCheck = 1210;
				LastUpgradeCheck = 1210;
				TargetAttributes = {
					5136B6572577A87D00E392EA = {
						CreatedOnToolsVersion = 12.1;
					};
				};
			};
			buildConfigurationList = 5136B6532577A87D00E392EA /* Build configuration list for PBXProject "Custom Modifier Examples" */;
			compatibilityVersion = "Xcode 9.3";
			developmentRegion = en;
			hasScannedForEncodings = 0;
			knownRegions = (
				en,
				Base,
			);
			mainGroup = 5136B64F2577A87D00E392EA;
			productRefGroup = 5136B6592577A87D00E392EA /* Products */;
			projectDirPath = "";
			projectRoot = "";
			targets = (
				5136B6572577A87D00E392EA /* Custom Modifier Examples */,
			);
		};
/* End PBXProject section */

/* Begin PBXResourcesBuildPhase section */
		5136B6562577A87D00E392EA /* Resources */ = {
			isa = PBXResourcesBuildPhase;
			buildActionMask = 2147483647;
			files = (
				5136B6632577A87F00E392EA /* Preview Assets.xcassets in Resources */,
				5136B6602577A87F00E392EA /* Assets.xcassets in Resources */,
			);
			runOnlyForDeploymentPostprocessing = 0;
		};
/* End PBXResourcesBuildPhase section */

/* Begin PBXSourcesBuildPhase section */
		5136B6542577A87D00E392EA /* Sources */ = {
			isa = PBXSourcesBuildPhase;
			buildActionMask = 2147483647;
			files = (
				5136B6752577AC3700E392EA /* TricolorBackgroundView.swift in Sources */,
				5136B6722577AC0B00E392EA /* TricolorBackground.swift in Sources */,
				5136B66F2577A90800E392EA /* RoundedRectangleBorderView.swift in Sources */,
				5136B66C2577A8B000E392EA /* RoundedRectangleBorder.swift in Sources */,
				5136B65E2577A87D00E392EA /* ContentView.swift in Sources */,
				5136B65C2577A87D00E392EA /* Custom_Modifier_ExamplesApp.swift in Sources */,
			);
			runOnlyForDeploymentPostprocessing = 0;
		};
/* End PBXSourcesBuildPhase section */

/* Begin XCBuildConfiguration section */
		5136B6652577A87F00E392EA /* Debug */ = {
			isa = XCBuildConfiguration;
			buildSettings = {
				ALWAYS_SEARCH_USER_PATHS = NO;
				CLANG_ANALYZER_NONNULL = YES;
				CLANG_ANALYZER_NUMBER_OBJECT_CONVERSION = YES_AGGRESSIVE;
				CLANG_CXX_LANGUAGE_STANDARD = "gnu++14";
				CLANG_CXX_LIBRARY = "libc++";
				CLANG_ENABLE_MODULES = YES;
				CLANG_ENABLE_OBJC_ARC = YES;
				CLANG_ENABLE_OBJC_WEAK = YES;
				CLANG_WARN_BLOCK_CAPTURE_AUTORELEASING = YES;
				CLANG_WARN_BOOL_CONVERSION = YES;
				CLANG_WARN_COMMA = YES;
				CLANG_WARN_CONSTANT_CONVERSION = YES;
				CLANG_WARN_DEPRECATED_OBJC_IMPLEMENTATIONS = YES;
				CLANG_WARN_DIRECT_OBJC_ISA_USAGE = YES_ERROR;
				CLANG_WARN_DOCUMENTATION_COMMENTS = YES;
				CLANG_WARN_EMPTY_BODY = YES;
				CLANG_WARN_ENUM_CONVERSION = YES;
				CLANG_WARN_INFINITE_RECURSION = YES;
				CLANG_WARN_INT_CONVERSION = YES;
				CLANG_WARN_NON_LITERAL_NULL_CONVERSION = YES;
				CLANG_WARN_OBJC_IMPLICIT_RETAIN_SELF = YES;
				CLANG_WARN_OBJC_LITERAL_CONVERSION = YES;
				CLANG_WARN_OBJC_ROOT_CLASS = YES_ERROR;
				CLANG_WARN_QUOTED_INCLUDE_IN_FRAMEWORK_HEADER = YES;
				CLANG_WARN_RANGE_LOOP_ANALYSIS = YES;
				CLANG_WARN_STRICT_PROTOTYPES = YES;
				CLANG_WARN_SUSPICIOUS_MOVE = YES;
				CLANG_WARN_UNGUARDED_AVAILABILITY = YES_AGGRESSIVE;
				CLANG_WARN_UNREACHABLE_CODE = YES;
				CLANG_WARN__DUPLICATE_METHOD_MATCH = YES;
				COPY_PHASE_STRIP = NO;
				DEBUG_INFORMATION_FORMAT = dwarf;
				ENABLE_STRICT_OBJC_MSGSEND = YES;
				ENABLE_TESTABILITY = YES;
				GCC_C_LANGUAGE_STANDARD = gnu11;
				GCC_DYNAMIC_NO_PIC = NO;
				GCC_NO_COMMON_BLOCKS = YES;
				GCC_OPTIMIZATION_LEVEL = 0;
				GCC_PREPROCESSOR_DEFINITIONS = (
					"DEBUG=1",
					"$(inherited)",
				);
				GCC_WARN_64_TO_32_BIT_CONVERSION = YES;
				GCC_WARN_ABOUT_RETURN_TYPE = YES_ERROR;
				GCC_WARN_UNDECLARED_SELECTOR = YES;
				GCC_WARN_UNINITIALIZED_AUTOS = YES_AGGRESSIVE;
				GCC_WARN_UNUSED_FUNCTION = YES;
				GCC_WARN_UNUSED_VARIABLE = YES;
				IPHONEOS_DEPLOYMENT_TARGET = 14.1;
				MTL_ENABLE_DEBUG_INFO = INCLUDE_SOURCE;
				MTL_FAST_MATH = YES;
				ONLY_ACTIVE_ARCH = YES;
				SDKROOT = iphoneos;
				SWIFT_ACTIVE_COMPILATION_CONDITIONS = DEBUG;
				SWIFT_OPTIMIZATION_LEVEL = "-Onone";
			};
			name = Debug;
		};
		5136B6662577A87F00E392EA /* Release */ = {
			isa = XCBuildConfiguration;
			buildSettings = {
				ALWAYS_SEARCH_USER_PATHS = NO;
				CLANG_ANALYZER_NONNULL = YES;
				CLANG_ANALYZER_NUMBER_OBJECT_CONVERSION = YES_AGGRESSIVE;
				CLANG_CXX_LANGUAGE_STANDARD = "gnu++14";
				CLANG_CXX_LIBRARY = "libc++";
				CLANG_ENABLE_MODULES = YES;
				CLANG_ENABLE_OBJC_ARC = YES;
				CLANG_ENABLE_OBJC_WEAK = YES;
				CLANG_WARN_BLOCK_CAPTURE_AUTORELEASING = YES;
				CLANG_WARN_BOOL_CONVERSION = YES;
				CLANG_WARN_COMMA = YES;
				CLANG_WARN_CONSTANT_CONVERSION = YES;
				CLANG_WARN_DEPRECATED_OBJC_IMPLEMENTATIONS = YES;
				CLANG_WARN_DIRECT_OBJC_ISA_USAGE = YES_ERROR;
				CLANG_WARN_DOCUMENTATION_COMMENTS = YES;
				CLANG_WARN_EMPTY_BODY = YES;
				CLANG_WARN_ENUM_CONVERSION = YES;
				CLANG_WARN_INFINITE_RECURSION = YES;
				CLANG_WARN_INT_CONVERSION = YES;
				CLANG_WARN_NON_LITERAL_NULL_CONVERSION = YES;
				CLANG_WARN_OBJC_IMPLICIT_RETAIN_SELF = YES;
				CLANG_WARN_OBJC_LITERAL_CONVERSION = YES;
				CLANG_WARN_OBJC_ROOT_CLASS = YES_ERROR;
				CLANG_WARN_QUOTED_INCLUDE_IN_FRAMEWORK_HEADER = YES;
				CLANG_WARN_RANGE_LOOP_ANALYSIS = YES;
				CLANG_WARN_STRICT_PROTOTYPES = YES;
				CLANG_WARN_SUSPICIOUS_MOVE = YES;
				CLANG_WARN_UNGUARDED_AVAILABILITY = YES_AGGRESSIVE;
				CLANG_WARN_UNREACHABLE_CODE = YES;
				CLANG_WARN__DUPLICATE_METHOD_MATCH = YES;
				COPY_PHASE_STRIP = NO;
				DEBUG_INFORMATION_FORMAT = "dwarf-with-dsym";
				ENABLE_NS_ASSERTIONS = NO;
				ENABLE_STRICT_OBJC_MSGSEND = YES;
				GCC_C_LANGUAGE_STANDARD = gnu11;
				GCC_NO_COMMON_BLOCKS = YES;
				GCC_WARN_64_TO_32_BIT_CONVERSION = YES;
				GCC_WARN_ABOUT_RETURN_TYPE = YES_ERROR;
				GCC_WARN_UNDECLARED_SELECTOR = YES;
				GCC_WARN_UNINITIALIZED_AUTOS = YES_AGGRESSIVE;
				GCC_WARN_UNUSED_FUNCTION = YES;
				GCC_WARN_UNUSED_VARIABLE = YES;
				IPHONEOS_DEPLOYMENT_TARGET = 14.1;
				MTL_ENABLE_DEBUG_INFO = NO;
				MTL_FAST_MATH = YES;
				SDKROOT = iphoneos;
				SWIFT_COMPILATION_MODE = wholemodule;
				SWIFT_OPTIMIZATION_LEVEL = "-O";
				VALIDATE_PRODUCT = YES;
			};
			name = Release;
		};
		5136B6682577A87F00E392EA /* Debug */ = {
			isa = XCBuildConfiguration;
			buildSettings = {
				ASSETCATALOG_COMPILER_APPICON_NAME = AppIcon;
				ASSETCATALOG_COMPILER_GLOBAL_ACCENT_COLOR_NAME = AccentColor;
				CODE_SIGN_STYLE = Automatic;
				DEVELOPMENT_ASSET_PATHS = "\"Custom Modifier Examples/Preview Content\"";
				DEVELOPMENT_TEAM = R77BD8MPA8;
				ENABLE_PREVIEWS = YES;
				INFOPLIST_FILE = "Custom Modifier Examples/Info.plist";
				IPHONEOS_DEPLOYMENT_TARGET = 14.0;
				LD_RUNPATH_SEARCH_PATHS = (
					"$(inherited)",
					"@executable_path/Frameworks",
				);
				PRODUCT_BUNDLE_IDENTIFIER = "com.mazharul.huq.Custom-Modifier-Examples";
				PRODUCT_NAME = "$(TARGET_NAME)";
				SWIFT_VERSION = 5.0;
				TARGETED_DEVICE_FAMILY = "1,2";
			};
			name = Debug;
		};
		5136B6692577A87F00E392EA /* Release */ = {
			isa = XCBuildConfiguration;
			buildSettings = {
				ASSETCATALOG_COMPILER_APPICON_NAME = AppIcon;
				ASSETCATALOG_COMPILER_GLOBAL_ACCENT_COLOR_NAME = AccentColor;
				CODE_SIGN_STYLE = Automatic;
				DEVELOPMENT_ASSET_PATHS = "\"Custom Modifier Examples/Preview Content\"";
				DEVELOPMENT_TEAM = R77BD8MPA8;
				ENABLE_PREVIEWS = YES;
				INFOPLIST_FILE = "Custom Modifier Examples/Info.plist";
				IPHONEOS_DEPLOYMENT_TARGET = 14.0;
				LD_RUNPATH_SEARCH_PATHS = (
					"$(inherited)",
					"@executable_path/Frameworks",
				);
				PRODUCT_BUNDLE_IDENTIFIER = "com.mazharul.huq.Custom-Modifier-Examples";
				PRODUCT_NAME = "$(TARGET_NAME)";
				SWIFT_VERSION = 5.0;
				TARGETED_DEVICE_FAMILY = "1,2";
			};
			name = Release;
		};
/* End XCBuildConfiguration section */

/* Begin XCConfigurationList section */
		5136B6532577A87D00E392EA /* Build configuration list for PBXProject "Custom Modifier Examples" */ = {
			isa = XCConfigurationList;
			buildConfigurations = (
				5136B6652577A87F00E392EA /* Debug */,
				5136B6662577A87F00E392EA /* Release */,
			);
			defaultConfigurationIsVisible = 0;
			defaultConfigurationName = Release;
		};
		5136B6672577A87F00E392EA /* Build configuration list for PBXNativeTarget "Custom Modifier Examples" */ = {
			isa = XCConfigurationList;
			buildConfigurations = (
				5136B6682577A87F00E392EA /* Debug */,
				5136B6692577A87F00E392EA /* Release */,
			);
			defaultConfigurationIsVisible = 0;
			defaultConfigurationName = Release;
		};
/* End XCConfigurationList section */
	};
	rootObject = 5136B6502577A87D00E392EA /* Project object */;
}
